# generated by rye
# use `rye lock` or `rye sync` to update this lockfile
#
# last locked with the following flags:
#   pre: false
#   features: []
#   all-features: false
#   with-sources: false
#   generate-hashes: false
#   universal: false

-e file:.
appnope==0.1.4
    # via ipykernel
    # via ipython
asttokens==2.2.1
    # via stack-data
backcall==0.2.0
    # via ipython
black==23.11.0
certifi==2023.5.7
    # via requests
charset-normalizer==3.1.0
    # via requests
click==8.1.7
    # via black
comm==0.1.3
    # via ipykernel
contourpy==1.0.7
    # via matplotlib
cycler==0.11.0
    # via matplotlib
dataclass-wizard==0.22.2
    # via realsense-pose
dataclasses-json==0.6.3
    # via realsense-pose
debugpy==1.6.7
    # via ipykernel
decorator==5.1.1
    # via ipython
executing==1.2.0
    # via stack-data
fonttools==4.40.0
    # via matplotlib
idna==3.4
    # via requests
ipykernel==6.23.1
ipython==8.14.0
    # via ipykernel
japanize-matplotlib==1.1.3
    # via realsense-pose
jedi==0.18.2
    # via ipython
jinja2==3.1.2
    # via realsense-pose
jupyter-client==8.2.0
    # via ipykernel
jupyter-core==5.3.0
    # via ipykernel
    # via jupyter-client
kiwisolver==1.4.4
    # via matplotlib
markupsafe==2.1.3
    # via jinja2
marshmallow==3.20.1
    # via dataclasses-json
matplotlib==3.8.2
    # via japanize-matplotlib
    # via realsense-pose
    # via seaborn
matplotlib-inline==0.1.6
    # via ipykernel
    # via ipython
mypy==1.3.0
mypy-extensions==1.0.0
    # via black
    # via mypy
    # via typing-inspect
nest-asyncio==1.5.6
    # via ipykernel
numpy==1.26.2
    # via contourpy
    # via matplotlib
    # via opencv-python
    # via pandas
    # via realsense-pose
    # via seaborn
opencv-python==4.7.0.72
    # via realsense-pose
packaging==23.1
    # via black
    # via ipykernel
    # via marshmallow
    # via matplotlib
pandas==2.1.4
    # via realsense-pose
    # via seaborn
parso==0.8.3
    # via jedi
pathspec==0.11.2
    # via black
pexpect==4.9.0
    # via ipython
pickleshare==0.7.5
    # via ipython
pillow==9.5.0
    # via matplotlib
pip==23.3.1
    # via realsense-pose
platformdirs==3.5.3
    # via black
    # via jupyter-core
prompt-toolkit==3.0.38
    # via ipython
psutil==5.9.5
    # via ipykernel
ptyprocess==0.7.0
    # via pexpect
pure-eval==0.2.2
    # via stack-data
pygments==2.15.1
    # via ipython
pyparsing==3.0.9
    # via matplotlib
pyrealsense2-macosx==2.56.5
    # via realsense-pose
python-dateutil==2.8.2
    # via jupyter-client
    # via matplotlib
    # via pandas
pytz==2023.3
    # via pandas
pyyaml==6.0
    # via realsense-pose
pyzmq==25.1.0
    # via ipykernel
    # via jupyter-client
requests==2.31.0
seaborn==0.13.0
    # via realsense-pose
six==1.16.0
    # via asttokens
    # via python-dateutil
snakeviz==2.2.0
stack-data==0.6.2
    # via ipython
tornado==6.3.2
    # via ipykernel
    # via jupyter-client
    # via snakeviz
traitlets==5.9.0
    # via comm
    # via ipykernel
    # via ipython
    # via jupyter-client
    # via jupyter-core
    # via matplotlib-inline
types-pyyaml==6.0.12.12
types-requests==2.31.0.10
typing-extensions==4.6.3
    # via mypy
    # via typing-inspect
typing-inspect==0.9.0
    # via dataclasses-json
tzdata==2023.3
    # via pandas
urllib3==2.0.3
    # via requests
    # via types-requests
wcwidth==0.2.6
    # via prompt-toolkit
